// !$*UTF8*$!
{
	archiveVersion = 1;
	classes = {
	};
	objectVersion = 56;
	objects = {

/* Begin PBXBuildFile section */
		530EAA132C45939400B3F4C7 /* Direction.swift in Sources */ = {isa = PBXBuildFile; fileRef = 530EAA122C45939400B3F4C7 /* Direction.swift */; };
		532E837A2C441D5B00E2E76B /* TilesApp.swift in Sources */ = {isa = PBXBuildFile; fileRef = 532E83792C441D5B00E2E76B /* TilesApp.swift */; };
		532E837E2C441D5C00E2E76B /* Assets.xcassets in Resources */ = {isa = PBXBuildFile; fileRef = 532E837D2C441D5C00E2E76B /* Assets.xcassets */; };
		532E83812C441D5C00E2E76B /* Preview Assets.xcassets in Resources */ = {isa = PBXBuildFile; fileRef = 532E83802C441D5C00E2E76B /* Preview Assets.xcassets */; };
		532E838B2C441EB400E2E76B /* BoardView.swift in Sources */ = {isa = PBXBuildFile; fileRef = 532E838A2C441EB400E2E76B /* BoardView.swift */; };
		532E838D2C44281300E2E76B /* GameView.swift in Sources */ = {isa = PBXBuildFile; fileRef = 532E838C2C44281300E2E76B /* GameView.swift */; };
		532E838F2C44320200E2E76B /* TileView.swift in Sources */ = {isa = PBXBuildFile; fileRef = 532E838E2C44320200E2E76B /* TileView.swift */; };
		532E83912C4434CB00E2E76B /* Tile.swift in Sources */ = {isa = PBXBuildFile; fileRef = 532E83902C4434CB00E2E76B /* Tile.swift */; };
		532E83932C446C6600E2E76B /* TileMatrix.swift in Sources */ = {isa = PBXBuildFile; fileRef = 532E83922C446C6600E2E76B /* TileMatrix.swift */; };
		53D1D84F2C4C187600ABB8DF /* IndexedTile.swift in Sources */ = {isa = PBXBuildFile; fileRef = 53D1D84E2C4C187600ABB8DF /* IndexedTile.swift */; };
		53D1D8522C4C19F200ABB8DF /* AnyTransition+TileGenerated.swift in Sources */ = {isa = PBXBuildFile; fileRef = 53D1D8512C4C19F200ABB8DF /* AnyTransition+TileGenerated.swift */; };
		53D1D8552C4C1A4B00ABB8DF /* Merged.swift in Sources */ = {isa = PBXBuildFile; fileRef = 53D1D8542C4C1A4B00ABB8DF /* Merged.swift */; };
		53D1D8572C4C1A6500ABB8DF /* AnchoredScale.swift in Sources */ = {isa = PBXBuildFile; fileRef = 53D1D8562C4C1A6500ABB8DF /* AnchoredScale.swift */; };
		53D1D8592C4C1A7400ABB8DF /* BlurEffect.swift in Sources */ = {isa = PBXBuildFile; fileRef = 53D1D8582C4C1A7400ABB8DF /* BlurEffect.swift */; };
		53D1D85B2C4C2E5C00ABB8DF /* HeaderView.swift in Sources */ = {isa = PBXBuildFile; fileRef = 53D1D85A2C4C2E5C00ABB8DF /* HeaderView.swift */; };
/* End PBXBuildFile section */

/* Begin PBXFileReference section */
		530EAA122C45939400B3F4C7 /* Direction.swift */ = {isa = PBXFileReference; lastKnownFileType = sourcecode.swift; path = Direction.swift; sourceTree = "<group>"; };
		532E83762C441D5B00E2E76B /* Tiles.app */ = {isa = PBXFileReference; explicitFileType = wrapper.application; includeInIndex = 0; path = Tiles.app; sourceTree = BUILT_PRODUCTS_DIR; };
		532E83792C441D5B00E2E76B /* TilesApp.swift */ = {isa = PBXFileReference; lastKnownFileType = sourcecode.swift; path = TilesApp.swift; sourceTree = "<group>"; };
		532E837D2C441D5C00E2E76B /* Assets.xcassets */ = {isa = PBXFileReference; lastKnownFileType = folder.assetcatalog; path = Assets.xcassets; sourceTree = "<group>"; };
		532E83802C441D5C00E2E76B /* Preview Assets.xcassets */ = {isa = PBXFileReference; lastKnownFileType = folder.assetcatalog; path = "Preview Assets.xcassets"; sourceTree = "<group>"; };
		532E838A2C441EB400E2E76B /* BoardView.swift */ = {isa = PBXFileReference; lastKnownFileType = sourcecode.swift; path = BoardView.swift; sourceTree = "<group>"; };
		532E838C2C44281300E2E76B /* GameView.swift */ = {isa = PBXFileReference; lastKnownFileType = sourcecode.swift; path = GameView.swift; sourceTree = "<group>"; };
		532E838E2C44320200E2E76B /* TileView.swift */ = {isa = PBXFileReference; lastKnownFileType = sourcecode.swift; path = TileView.swift; sourceTree = "<group>"; };
		532E83902C4434CB00E2E76B /* Tile.swift */ = {isa = PBXFileReference; lastKnownFileType = sourcecode.swift; path = Tile.swift; sourceTree = "<group>"; };
		532E83922C446C6600E2E76B /* TileMatrix.swift */ = {isa = PBXFileReference; lastKnownFileType = sourcecode.swift; path = TileMatrix.swift; sourceTree = "<group>"; };
		53D1D84E2C4C187600ABB8DF /* IndexedTile.swift */ = {isa = PBXFileReference; lastKnownFileType = sourcecode.swift; path = IndexedTile.swift; sourceTree = "<group>"; };
		53D1D8512C4C19F200ABB8DF /* AnyTransition+TileGenerated.swift */ = {isa = PBXFileReference; lastKnownFileType = sourcecode.swift; path = "AnyTransition+TileGenerated.swift"; sourceTree = "<group>"; };
		53D1D8542C4C1A4B00ABB8DF /* Merged.swift */ = {isa = PBXFileReference; lastKnownFileType = sourcecode.swift; path = Merged.swift; sourceTree = "<group>"; };
		53D1D8562C4C1A6500ABB8DF /* AnchoredScale.swift */ = {isa = PBXFileReference; lastKnownFileType = sourcecode.swift; path = AnchoredScale.swift; sourceTree = "<group>"; };
		53D1D8582C4C1A7400ABB8DF /* BlurEffect.swift */ = {isa = PBXFileReference; lastKnownFileType = sourcecode.swift; path = BlurEffect.swift; sourceTree = "<group>"; };
		53D1D85A2C4C2E5C00ABB8DF /* HeaderView.swift */ = {isa = PBXFileReference; lastKnownFileType = sourcecode.swift; path = HeaderView.swift; sourceTree = "<group>"; };
/* End PBXFileReference section */

/* Begin PBXFrameworksBuildPhase section */
		532E83732C441D5B00E2E76B /* Frameworks */ = {
			isa = PBXFrameworksBuildPhase;
			buildActionMask = 2147483647;
			files = (
			);
			runOnlyForDeploymentPostprocessing = 0;
		};
/* End PBXFrameworksBuildPhase section */

/* Begin PBXGroup section */
		532E836D2C441D5B00E2E76B = {
			isa = PBXGroup;
			children = (
				532E83782C441D5B00E2E76B /* Tiles */,
				532E83772C441D5B00E2E76B /* Products */,
			);
			sourceTree = "<group>";
		};
		532E83772C441D5B00E2E76B /* Products */ = {
			isa = PBXGroup;
			children = (
				532E83762C441D5B00E2E76B /* Tiles.app */,
			);
			name = Products;
			sourceTree = "<group>";
		};
		532E83782C441D5B00E2E76B /* Tiles */ = {
			isa = PBXGroup;
			children = (
				53D1D8502C4C19D500ABB8DF /* Extensions */,
				53D1D8532C4C1A3A00ABB8DF /* View Modifiers */,
				532E83892C441DF400E2E76B /* Models */,
				532E83872C441DBC00E2E76B /* Views */,
				532E83792C441D5B00E2E76B /* TilesApp.swift */,
				532E837D2C441D5C00E2E76B /* Assets.xcassets */,
				532E837F2C441D5C00E2E76B /* Preview Content */,
			);
			path = Tiles;
			sourceTree = "<group>";
		};
		532E837F2C441D5C00E2E76B /* Preview Content */ = {
			isa = PBXGroup;
			children = (
				532E83802C441D5C00E2E76B /* Preview Assets.xcassets */,
			);
			path = "Preview Content";
			sourceTree = "<group>";
		};
		532E83872C441DBC00E2E76B /* Views */ = {
			isa = PBXGroup;
			children = (
				532E838A2C441EB400E2E76B /* BoardView.swift */,
				532E838C2C44281300E2E76B /* GameView.swift */,
				532E838E2C44320200E2E76B /* TileView.swift */,
				53D1D85A2C4C2E5C00ABB8DF /* HeaderView.swift */,
			);
			path = Views;
			sourceTree = "<group>";
		};
		532E83892C441DF400E2E76B /* Models */ = {
			isa = PBXGroup;
			children = (
				532E83902C4434CB00E2E76B /* Tile.swift */,
				532E83922C446C6600E2E76B /* TileMatrix.swift */,
				530EAA122C45939400B3F4C7 /* Direction.swift */,
				53D1D84E2C4C187600ABB8DF /* IndexedTile.swift */,
			);
			path = Models;
			sourceTree = "<group>";
		};
		53D1D8502C4C19D500ABB8DF /* Extensions */ = {
			isa = PBXGroup;
			children = (
				53D1D8512C4C19F200ABB8DF /* AnyTransition+TileGenerated.swift */,
			);
			path = Extensions;
			sourceTree = "<group>";
		};
		53D1D8532C4C1A3A00ABB8DF /* View Modifiers */ = {
			isa = PBXGroup;
			children = (
				53D1D8542C4C1A4B00ABB8DF /* Merged.swift */,
				53D1D8562C4C1A6500ABB8DF /* AnchoredScale.swift */,
				53D1D8582C4C1A7400ABB8DF /* BlurEffect.swift */,
			);
			path = "View Modifiers";
			sourceTree = "<group>";
		};
/* End PBXGroup section */

/* Begin PBXNativeTarget section */
		532E83752C441D5B00E2E76B /* Tiles */ = {
			isa = PBXNativeTarget;
			buildConfigurationList = 532E83842C441D5C00E2E76B /* Build configuration list for PBXNativeTarget "Tiles" */;
			buildPhases = (
				532E83722C441D5B00E2E76B /* Sources */,
				532E83732C441D5B00E2E76B /* Frameworks */,
				532E83742C441D5B00E2E76B /* Resources */,
			);
			buildRules = (
			);
			dependencies = (
			);
			name = Tiles;
			productName = Tiles;
			productReference = 532E83762C441D5B00E2E76B /* Tiles.app */;
			productType = "com.apple.product-type.application";
		};
/* End PBXNativeTarget section */

/* Begin PBXProject section */
		532E836E2C441D5B00E2E76B /* Project object */ = {
			isa = PBXProject;
			attributes = {
				BuildIndependentTargetsInParallel = 1;
				LastSwiftUpdateCheck = 1540;
				LastUpgradeCheck = 1540;
				TargetAttributes = {
					532E83752C441D5B00E2E76B = {
						CreatedOnToolsVersion = 15.4;
					};
				};
			};
			buildConfigurationList = 532E83712C441D5B00E2E76B /* Build configuration list for PBXProject "Tiles" */;
			compatibilityVersion = "Xcode 14.0";
			developmentRegion = en;
			hasScannedForEncodings = 0;
			knownRegions = (
				en,
				Base,
			);
			mainGroup = 532E836D2C441D5B00E2E76B;
			productRefGroup = 532E83772C441D5B00E2E76B /* Products */;
			projectDirPath = "";
			projectRoot = "";
			targets = (
				532E83752C441D5B00E2E76B /* Tiles */,
			);
		};
/* End PBXProject section */

/* Begin PBXResourcesBuildPhase section */
		532E83742C441D5B00E2E76B /* Resources */ = {
			isa = PBXResourcesBuildPhase;
			buildActionMask = 2147483647;
			files = (
				532E83812C441D5C00E2E76B /* Preview Assets.xcassets in Resources */,
				532E837E2C441D5C00E2E76B /* Assets.xcassets in Resources */,
			);
			runOnlyForDeploymentPostprocessing = 0;
		};
/* End PBXResourcesBuildPhase section */

/* Begin PBXSourcesBuildPhase section */
		532E83722C441D5B00E2E76B /* Sources */ = {
			isa = PBXSourcesBuildPhase;
			buildActionMask = 2147483647;
			files = (
				530EAA132C45939400B3F4C7 /* Direction.swift in Sources */,
				532E838B2C441EB400E2E76B /* BoardView.swift in Sources */,
				532E838D2C44281300E2E76B /* GameView.swift in Sources */,
				53D1D84F2C4C187600ABB8DF /* IndexedTile.swift in Sources */,
				532E83912C4434CB00E2E76B /* Tile.swift in Sources */,
				532E838F2C44320200E2E76B /* TileView.swift in Sources */,
				532E83932C446C6600E2E76B /* TileMatrix.swift in Sources */,
				532E837A2C441D5B00E2E76B /* TilesApp.swift in Sources */,
				53D1D8522C4C19F200ABB8DF /* AnyTransition+TileGenerated.swift in Sources */,
				53D1D8592C4C1A7400ABB8DF /* BlurEffect.swift in Sources */,
				53D1D8572C4C1A6500ABB8DF /* AnchoredScale.swift in Sources */,
				53D1D8552C4C1A4B00ABB8DF /* Merged.swift in Sources */,
				53D1D85B2C4C2E5C00ABB8DF /* HeaderView.swift in Sources */,
			);
			runOnlyForDeploymentPostprocessing = 0;
		};
/* End PBXSourcesBuildPhase section */

/* Begin XCBuildConfiguration section */
		532E83822C441D5C00E2E76B /* Debug */ = {
			isa = XCBuildConfiguration;
			buildSettings = {
				ALWAYS_SEARCH_USER_PATHS = NO;
				ASSETCATALOG_COMPILER_GENERATE_SWIFT_ASSET_SYMBOL_EXTENSIONS = YES;
				CLANG_ANALYZER_NONNULL = YES;
				CLANG_ANALYZER_NUMBER_OBJECT_CONVERSION = YES_AGGRESSIVE;
				CLANG_CXX_LANGUAGE_STANDARD = "gnu++20";
				CLANG_ENABLE_MODULES = YES;
				CLANG_ENABLE_OBJC_ARC = YES;
				CLANG_ENABLE_OBJC_WEAK = YES;
				CLANG_WARN_BLOCK_CAPTURE_AUTORELEASING = YES;
				CLANG_WARN_BOOL_CONVERSION = YES;
				CLANG_WARN_COMMA = YES;
				CLANG_WARN_CONSTANT_CONVERSION = YES;
				CLANG_WARN_DEPRECATED_OBJC_IMPLEMENTATIONS = YES;
				CLANG_WARN_DIRECT_OBJC_ISA_USAGE = YES_ERROR;
				CLANG_WARN_DOCUMENTATION_COMMENTS = YES;
				CLANG_WARN_EMPTY_BODY = YES;
				CLANG_WARN_ENUM_CONVERSION = YES;
				CLANG_WARN_INFINITE_RECURSION = YES;
				CLANG_WARN_INT_CONVERSION = YES;
				CLANG_WARN_NON_LITERAL_NULL_CONVERSION = YES;
				CLANG_WARN_OBJC_IMPLICIT_RETAIN_SELF = YES;
				CLANG_WARN_OBJC_LITERAL_CONVERSION = YES;
				CLANG_WARN_OBJC_ROOT_CLASS = YES_ERROR;
				CLANG_WARN_QUOTED_INCLUDE_IN_FRAMEWORK_HEADER = YES;
				CLANG_WARN_RANGE_LOOP_ANALYSIS = YES;
				CLANG_WARN_STRICT_PROTOTYPES = YES;
				CLANG_WARN_SUSPICIOUS_MOVE = YES;
				CLANG_WARN_UNGUARDED_AVAILABILITY = YES_AGGRESSIVE;
				CLANG_WARN_UNREACHABLE_CODE = YES;
				CLANG_WARN__DUPLICATE_METHOD_MATCH = YES;
				COPY_PHASE_STRIP = NO;
				DEBUG_INFORMATION_FORMAT = dwarf;
				ENABLE_STRICT_OBJC_MSGSEND = YES;
				ENABLE_TESTABILITY = YES;
				ENABLE_USER_SCRIPT_SANDBOXING = YES;
				GCC_C_LANGUAGE_STANDARD = gnu17;
				GCC_DYNAMIC_NO_PIC = NO;
				GCC_NO_COMMON_BLOCKS = YES;
				GCC_OPTIMIZATION_LEVEL = 0;
				GCC_PREPROCESSOR_DEFINITIONS = (
					"DEBUG=1",
					"$(inherited)",
				);
				GCC_WARN_64_TO_32_BIT_CONVERSION = YES;
				GCC_WARN_ABOUT_RETURN_TYPE = YES_ERROR;
				GCC_WARN_UNDECLARED_SELECTOR = YES;
				GCC_WARN_UNINITIALIZED_AUTOS = YES_AGGRESSIVE;
				GCC_WARN_UNUSED_FUNCTION = YES;
				GCC_WARN_UNUSED_VARIABLE = YES;
				IPHONEOS_DEPLOYMENT_TARGET = 17.5;
				LOCALIZATION_PREFERS_STRING_CATALOGS = YES;
				MTL_ENABLE_DEBUG_INFO = INCLUDE_SOURCE;
				MTL_FAST_MATH = YES;
				ONLY_ACTIVE_ARCH = YES;
				SDKROOT = iphoneos;
				SWIFT_ACTIVE_COMPILATION_CONDITIONS = "DEBUG $(inherited)";
				SWIFT_OPTIMIZATION_LEVEL = "-Onone";
			};
			name = Debug;
		};
		532E83832C441D5C00E2E76B /* Release */ = {
			isa = XCBuildConfiguration;
			buildSettings = {
				ALWAYS_SEARCH_USER_PATHS = NO;
				ASSETCATALOG_COMPILER_GENERATE_SWIFT_ASSET_SYMBOL_EXTENSIONS = YES;
				CLANG_ANALYZER_NONNULL = YES;
				CLANG_ANALYZER_NUMBER_OBJECT_CONVERSION = YES_AGGRESSIVE;
				CLANG_CXX_LANGUAGE_STANDARD = "gnu++20";
				CLANG_ENABLE_MODULES = YES;
				CLANG_ENABLE_OBJC_ARC = YES;
				CLANG_ENABLE_OBJC_WEAK = YES;
				CLANG_WARN_BLOCK_CAPTURE_AUTORELEASING = YES;
				CLANG_WARN_BOOL_CONVERSION = YES;
				CLANG_WARN_COMMA = YES;
				CLANG_WARN_CONSTANT_CONVERSION = YES;
				CLANG_WARN_DEPRECATED_OBJC_IMPLEMENTATIONS = YES;
				CLANG_WARN_DIRECT_OBJC_ISA_USAGE = YES_ERROR;
				CLANG_WARN_DOCUMENTATION_COMMENTS = YES;
				CLANG_WARN_EMPTY_BODY = YES;
				CLANG_WARN_ENUM_CONVERSION = YES;
				CLANG_WARN_INFINITE_RECURSION = YES;
				CLANG_WARN_INT_CONVERSION = YES;
				CLANG_WARN_NON_LITERAL_NULL_CONVERSION = YES;
				CLANG_WARN_OBJC_IMPLICIT_RETAIN_SELF = YES;
				CLANG_WARN_OBJC_LITERAL_CONVERSION = YES;
				CLANG_WARN_OBJC_ROOT_CLASS = YES_ERROR;
				CLANG_WARN_QUOTED_INCLUDE_IN_FRAMEWORK_HEADER = YES;
				CLANG_WARN_RANGE_LOOP_ANALYSIS = YES;
				CLANG_WARN_STRICT_PROTOTYPES = YES;
				CLANG_WARN_SUSPICIOUS_MOVE = YES;
				CLANG_WARN_UNGUARDED_AVAILABILITY = YES_AGGRESSIVE;
				CLANG_WARN_UNREACHABLE_CODE = YES;
				CLANG_WARN__DUPLICATE_METHOD_MATCH = YES;
				COPY_PHASE_STRIP = NO;
				DEBUG_INFORMATION_FORMAT = "dwarf-with-dsym";
				ENABLE_NS_ASSERTIONS = NO;
				ENABLE_STRICT_OBJC_MSGSEND = YES;
				ENABLE_USER_SCRIPT_SANDBOXING = YES;
				GCC_C_LANGUAGE_STANDARD = gnu17;
				GCC_NO_COMMON_BLOCKS = YES;
				GCC_WARN_64_TO_32_BIT_CONVERSION = YES;
				GCC_WARN_ABOUT_RETURN_TYPE = YES_ERROR;
				GCC_WARN_UNDECLARED_SELECTOR = YES;
				GCC_WARN_UNINITIALIZED_AUTOS = YES_AGGRESSIVE;
				GCC_WARN_UNUSED_FUNCTION = YES;
				GCC_WARN_UNUSED_VARIABLE = YES;
				IPHONEOS_DEPLOYMENT_TARGET = 17.5;
				LOCALIZATION_PREFERS_STRING_CATALOGS = YES;
				MTL_ENABLE_DEBUG_INFO = NO;
				MTL_FAST_MATH = YES;
				SDKROOT = iphoneos;
				SWIFT_COMPILATION_MODE = wholemodule;
				VALIDATE_PRODUCT = YES;
			};
			name = Release;
		};
		532E83852C441D5C00E2E76B /* Debug */ = {
			isa = XCBuildConfiguration;
			buildSettings = {
				ASSETCATALOG_COMPILER_APPICON_NAME = AppIcon;
				ASSETCATALOG_COMPILER_GLOBAL_ACCENT_COLOR_NAME = AccentColor;
				CODE_SIGN_STYLE = Automatic;
				CURRENT_PROJECT_VERSION = 1;
				DEVELOPMENT_ASSET_PATHS = "\"Tiles/Preview Content\"";
				DEVELOPMENT_TEAM = 7ZFMD433P4;
				ENABLE_PREVIEWS = YES;
				GENERATE_INFOPLIST_FILE = YES;
				INFOPLIST_KEY_UIApplicationSceneManifest_Generation = YES;
				INFOPLIST_KEY_UIApplicationSupportsIndirectInputEvents = YES;
				INFOPLIST_KEY_UILaunchScreen_Generation = YES;
				INFOPLIST_KEY_UISupportedInterfaceOrientations_iPad = "UIInterfaceOrientationPortrait UIInterfaceOrientationPortraitUpsideDown UIInterfaceOrientationLandscapeLeft UIInterfaceOrientationLandscapeRight";
				INFOPLIST_KEY_UISupportedInterfaceOrientations_iPhone = "UIInterfaceOrientationPortrait UIInterfaceOrientationLandscapeLeft UIInterfaceOrientationLandscapeRight";
				LD_RUNPATH_SEARCH_PATHS = (
					"$(inherited)",
					"@executable_path/Frameworks",
				);
				MARKETING_VERSION = 1.0;
				PRODUCT_BUNDLE_IDENTIFIER = dev.jonackers.Tiles;
				PRODUCT_NAME = "$(TARGET_NAME)";
				SWIFT_EMIT_LOC_STRINGS = YES;
				SWIFT_VERSION = 5.0;
				TARGETED_DEVICE_FAMILY = "1,2";
			};
			name = Debug;
		};
		532E83862C441D5C00E2E76B /* Release */ = {
			isa = XCBuildConfiguration;
			buildSettings = {
				ASSETCATALOG_COMPILER_APPICON_NAME = AppIcon;
				ASSETCATALOG_COMPILER_GLOBAL_ACCENT_COLOR_NAME = AccentColor;
				CODE_SIGN_STYLE = Automatic;
				CURRENT_PROJECT_VERSION = 1;
				DEVELOPMENT_ASSET_PATHS = "\"Tiles/Preview Content\"";
				DEVELOPMENT_TEAM = 7ZFMD433P4;
				ENABLE_PREVIEWS = YES;
				GENERATE_INFOPLIST_FILE = YES;
				INFOPLIST_KEY_UIApplicationSceneManifest_Generation = YES;
				INFOPLIST_KEY_UIApplicationSupportsIndirectInputEvents = YES;
				INFOPLIST_KEY_UILaunchScreen_Generation = YES;
				INFOPLIST_KEY_UISupportedInterfaceOrientations_iPad = "UIInterfaceOrientationPortrait UIInterfaceOrientationPortraitUpsideDown UIInterfaceOrientationLandscapeLeft UIInterfaceOrientationLandscapeRight";
				INFOPLIST_KEY_UISupportedInterfaceOrientations_iPhone = "UIInterfaceOrientationPortrait UIInterfaceOrientationLandscapeLeft UIInterfaceOrientationLandscapeRight";
				LD_RUNPATH_SEARCH_PATHS = (
					"$(inherited)",
					"@executable_path/Frameworks",
				);
				MARKETING_VERSION = 1.0;
				PRODUCT_BUNDLE_IDENTIFIER = dev.jonackers.Tiles;
				PRODUCT_NAME = "$(TARGET_NAME)";
				SWIFT_EMIT_LOC_STRINGS = YES;
				SWIFT_VERSION = 5.0;
				TARGETED_DEVICE_FAMILY = "1,2";
			};
			name = Release;
		};
/* End XCBuildConfiguration section */

/* Begin XCConfigurationList section */
		532E83712C441D5B00E2E76B /* Build configuration list for PBXProject "Tiles" */ = {
			isa = XCConfigurationList;
			buildConfigurations = (
				532E83822C441D5C00E2E76B /* Debug */,
				532E83832C441D5C00E2E76B /* Release */,
			);
			defaultConfigurationIsVisible = 0;
			defaultConfigurationName = Release;
		};
		532E83842C441D5C00E2E76B /* Build configuration list for PBXNativeTarget "Tiles" */ = {
			isa = XCConfigurationList;
			buildConfigurations = (
				532E83852C441D5C00E2E76B /* Debug */,
				532E83862C441D5C00E2E76B /* Release */,
			);
			defaultConfigurationIsVisible = 0;
			defaultConfigurationName = Release;
		};
/* End XCConfigurationList section */
	};
	rootObject = 532E836E2C441D5B00E2E76B /* Project object */;
}
